
Microsoft Visual Studio Solution File, Format Version 12.00
# Visual Studio Version 17
VisualStudioVersion = 17.3.32811.315
MinimumVisualStudioVersion = 10.0.40219.1
Project("{FAE04EC0-301F-11D3-BF4B-00C04F79EFBC}") = "CountdownTimer", "CountdownTimer\CountdownTimer.csproj", "{AA8484A6-C340-4154-8041-A13415D10D8E}"
EndProject
Project("{FAE04EC0-301F-11D3-BF4B-00C04F79EFBC}") = "CountdownTimerTest", "CountdownTimerTest\CountdownTimerTest.csproj", "{1A5D7F8C-B3DD-4C33-B651-F89F38D266D3}"
EndProject
Project("{FAE04EC0-301F-11D3-BF4B-00C04F79EFBC}") = "SelectMenu", "SelectMenu\SelectMenu.csproj", "{EE635E2B-C80A-473E-BB50-BF6EA6D26BD9}"
EndProject
Project("{FAE04EC0-301F-11D3-BF4B-00C04F79EFBC}") = "PDFViewer", "PDFViewer\PDFViewer.csproj", "{5F29B2BF-4530-4625-A79F-4247160F15DC}"
EndProject
Global
	GlobalSection(SolutionConfigurationPlatforms) = preSolution
		Debug|Any CPU = Debug|Any CPU
		Release|Any CPU = Release|Any CPU
	EndGlobalSection
	GlobalSection(ProjectConfigurationPlatforms) = postSolution
		{AA8484A6-C340-4154-8041-A13415D10D8E}.Debug|Any CPU.ActiveCfg = Debug|Any CPU
		{AA8484A6-C340-4154-8041-A13415D10D8E}.Debug|Any CPU.Build.0 = Debug|Any CPU
		{AA8484A6-C340-4154-8041-A13415D10D8E}.Release|Any CPU.ActiveCfg = Release|Any CPU
		{AA8484A6-C340-4154-8041-A13415D10D8E}.Release|Any CPU.Build.0 = Release|Any CPU
		{1A5D7F8C-B3DD-4C33-B651-F89F38D266D3}.Debug|Any CPU.ActiveCfg = Debug|Any CPU
		{1A5D7F8C-B3DD-4C33-B651-F89F38D266D3}.Debug|Any CPU.Build.0 = Debug|Any CPU
		{1A5D7F8C-B3DD-4C33-B651-F89F38D266D3}.Release|Any CPU.ActiveCfg = Release|Any CPU
		{1A5D7F8C-B3DD-4C33-B651-F89F38D266D3}.Release|Any CPU.Build.0 = Release|Any CPU
		{EE635E2B-C80A-473E-BB50-BF6EA6D26BD9}.Debug|Any CPU.ActiveCfg = Debug|Any CPU
		{EE635E2B-C80A-473E-BB50-BF6EA6D26BD9}.Debug|Any CPU.Build.0 = Debug|Any CPU
		{EE635E2B-C80A-473E-BB50-BF6EA6D26BD9}.Release|Any CPU.ActiveCfg = Release|Any CPU
		{EE635E2B-C80A-473E-BB50-BF6EA6D26BD9}.Release|Any CPU.Build.0 = Release|Any CPU
		{5F29B2BF-4530-4625-A79F-4247160F15DC}.Debug|Any CPU.ActiveCfg = Debug|Any CPU
		{5F29B2BF-4530-4625-A79F-4247160F15DC}.Debug|Any CPU.Build.0 = Debug|Any CPU
		{5F29B2BF-4530-4625-A79F-4247160F15DC}.Release|Any CPU.ActiveCfg = Release|Any CPU
		{5F29B2BF-4530-4625-A79F-4247160F15DC}.Release|Any CPU.Build.0 = Release|Any CPU
	EndGlobalSection
	GlobalSection(SolutionProperties) = preSolution
		HideSolutionNode = FALSE
	EndGlobalSection
	GlobalSection(ExtensibilityGlobals) = postSolution
		SolutionGuid = {770FB062-1D4B-4192-8BFD-EC09747315E7}
	EndGlobalSection
EndGlobal
